
Microsoft Visual Studio Solution File, Format Version 12.00
# Visual Studio 15
VisualStudioVersion = 15.0.28307.102
MinimumVisualStudioVersion = 10.0.40219.1
Project("{FAE04EC0-301F-11D3-BF4B-00C04F79EFBC}") = "SimpleEditor", "SimpleEditor\SimpleEditor.csproj", "{A7D773F8-AEE5-4011-9292-6DE58BDC448D}"
EndProject
Project("{FAE04EC0-301F-11D3-BF4B-00C04F79EFBC}") = "EditorModel", "EditorModel\EditorModel.csproj", "{134D1E65-A6B1-4B0A-B010-19914A733BE2}"
EndProject
Project("{FAE04EC0-301F-11D3-BF4B-00C04F79EFBC}") = "UnitTestProjectForEditorModel", "UnitTestProjectForEditorModel\UnitTestProjectForEditorModel.csproj", "{CF50AA1F-E76A-4D11-8196-A510426D8504}"
EndProject
Global
	GlobalSection(SolutionConfigurationPlatforms) = preSolution
		Debug|Any CPU = Debug|Any CPU
		Release|Any CPU = Release|Any CPU
	EndGlobalSection
	GlobalSection(ProjectConfigurationPlatforms) = postSolution
		{A7D773F8-AEE5-4011-9292-6DE58BDC448D}.Debug|Any CPU.ActiveCfg = Debug|Any CPU
		{A7D773F8-AEE5-4011-9292-6DE58BDC448D}.Debug|Any CPU.Build.0 = Debug|Any CPU
		{A7D773F8-AEE5-4011-9292-6DE58BDC448D}.Release|Any CPU.ActiveCfg = Release|Any CPU
		{A7D773F8-AEE5-4011-9292-6DE58BDC448D}.Release|Any CPU.Build.0 = Release|Any CPU
		{134D1E65-A6B1-4B0A-B010-19914A733BE2}.Debug|Any CPU.ActiveCfg = Debug|Any CPU
		{134D1E65-A6B1-4B0A-B010-19914A733BE2}.Debug|Any CPU.Build.0 = Debug|Any CPU
		{134D1E65-A6B1-4B0A-B010-19914A733BE2}.Release|Any CPU.ActiveCfg = Release|Any CPU
		{134D1E65-A6B1-4B0A-B010-19914A733BE2}.Release|Any CPU.Build.0 = Release|Any CPU
		{CF50AA1F-E76A-4D11-8196-A510426D8504}.Debug|Any CPU.ActiveCfg = Debug|Any CPU
		{CF50AA1F-E76A-4D11-8196-A510426D8504}.Debug|Any CPU.Build.0 = Debug|Any CPU
		{CF50AA1F-E76A-4D11-8196-A510426D8504}.Release|Any CPU.ActiveCfg = Release|Any CPU
		{CF50AA1F-E76A-4D11-8196-A510426D8504}.Release|Any CPU.Build.0 = Release|Any CPU
	EndGlobalSection
	GlobalSection(SolutionProperties) = preSolution
		HideSolutionNode = FALSE
	EndGlobalSection
	GlobalSection(ExtensibilityGlobals) = postSolution
		SolutionGuid = {FA47F553-B41D-4A16-A8F3-19B685D361F7}
	EndGlobalSection
EndGlobal
